
Microsoft Visual Studio Solution File, Format Version 12.00
# Visual Studio 14
VisualStudioVersion = 14.0.25420.1
MinimumVisualStudioVersion = 10.0.40219.1
Project("{FAE04EC0-301F-11D3-BF4B-00C04F79EFBC}") = "ChangeCalc", "ChangeCalc\ChangeCalc.csproj", "{35DD05C2-DEDB-4F2D-BEF6-3B00B972A072}"
EndProject
Project("{FAE04EC0-301F-11D3-BF4B-00C04F79EFBC}") = "ChangeCalc.Tests", "ChangeCalc.Tests\ChangeCalc.Tests.csproj", "{CAD7AE93-7EF8-4CF3-A122-60DACF6255AA}"
EndProject
Global
	GlobalSection(SolutionConfigurationPlatforms) = preSolution
		Debug|Any CPU = Debug|Any CPU
		Release|Any CPU = Release|Any CPU
	EndGlobalSection
	GlobalSection(ProjectConfigurationPlatforms) = postSolution
		{35DD05C2-DEDB-4F2D-BEF6-3B00B972A072}.Debug|Any CPU.ActiveCfg = Debug|Any CPU
		{35DD05C2-DEDB-4F2D-BEF6-3B00B972A072}.Debug|Any CPU.Build.0 = Debug|Any CPU
		{35DD05C2-DEDB-4F2D-BEF6-3B00B972A072}.Release|Any CPU.ActiveCfg = Release|Any CPU
		{35DD05C2-DEDB-4F2D-BEF6-3B00B972A072}.Release|Any CPU.Build.0 = Release|Any CPU
		{CAD7AE93-7EF8-4CF3-A122-60DACF6255AA}.Debug|Any CPU.ActiveCfg = Debug|Any CPU
		{CAD7AE93-7EF8-4CF3-A122-60DACF6255AA}.Debug|Any CPU.Build.0 = Debug|Any CPU
		{CAD7AE93-7EF8-4CF3-A122-60DACF6255AA}.Release|Any CPU.ActiveCfg = Release|Any CPU
		{CAD7AE93-7EF8-4CF3-A122-60DACF6255AA}.Release|Any CPU.Build.0 = Release|Any CPU
	EndGlobalSection
	GlobalSection(SolutionProperties) = preSolution
		HideSolutionNode = FALSE
	EndGlobalSection
EndGlobal
